// !$*UTF8*$!
{
	archiveVersion = 1;
	classes = {
	};
	objectVersion = 56;
	objects = {

/* Begin PBXBuildFile section */
		010000000000000000000001 /* ActualistApp.swift in Sources */ = {isa = PBXBuildFile; fileRef = 020000000000000000000001 /* ActualistApp.swift */; };
		010000000000000000000002 /* AppState.swift in Sources */ = {isa = PBXBuildFile; fileRef = 020000000000000000000002 /* AppState.swift */; };
		01000000000000000000006E /* BackgroundTransactionRefreshRunner.swift in Sources */ = {isa = PBXBuildFile; fileRef = 02000000000000000000006E /* BackgroundTransactionRefreshRunner.swift */; };
		01000000000000000000006F /* NewTransactionNotificationCoordinator.swift in Sources */ = {isa = PBXBuildFile; fileRef = 02000000000000000000006F /* NewTransactionNotificationCoordinator.swift */; };
		010000000000000000000070 /* PayeeRepository.swift in Sources */ = {isa = PBXBuildFile; fileRef = 020000000000000000000070 /* PayeeRepository.swift */; };
		010000000000000000000071 /* BudgetDatabase+Payees.swift in Sources */ = {isa = PBXBuildFile; fileRef = 020000000000000000000071 /* BudgetDatabase+Payees.swift */; };
		010000000000000000000072 /* PayeesViewModel.swift in Sources */ = {isa = PBXBuildFile; fileRef = 020000000000000000000072 /* PayeesViewModel.swift */; };
		010000000000000000000073 /* PayeesView.swift in Sources */ = {isa = PBXBuildFile; fileRef = 020000000000000000000073 /* PayeesView.swift */; };
		01000000000000000000007D /* RuleRepository.swift in Sources */ = {isa = PBXBuildFile; fileRef = 02000000000000000000007D /* RuleRepository.swift */; };
		010000000000000000000084 /* RulePresentation.swift in Sources */ = {isa = PBXBuildFile; fileRef = 020000000000000000000084 /* RulePresentation.swift */; };
		010000000000000000000085 /* PayeePickerView.swift in Sources */ = {isa = PBXBuildFile; fileRef = 020000000000000000000085 /* PayeePickerView.swift */; };
		01000000000000000000007E /* BudgetDatabase+Rules.swift in Sources */ = {isa = PBXBuildFile; fileRef = 02000000000000000000007E /* BudgetDatabase+Rules.swift */; };
		01000000000000000000007F /* LocalFirstActualStore+Rules.swift in Sources */ = {isa = PBXBuildFile; fileRef = 02000000000000000000007F /* LocalFirstActualStore+Rules.swift */; };
		010000000000000000000080 /* PayeeRulesView.swift in Sources */ = {isa = PBXBuildFile; fileRef = 020000000000000000000080 /* PayeeRulesView.swift */; };
		010000000000000000000083 /* RuleMatchPreview.swift in Sources */ = {isa = PBXBuildFile; fileRef = 020000000000000000000083 /* RuleMatchPreview.swift */; };
		010000000000000000000081 /* RuleConditionEvaluator.swift in Sources */ = {isa = PBXBuildFile; fileRef = 020000000000000000000081 /* RuleConditionEvaluator.swift */; };
		010000000000000000000074 /* PayeeManagementTests.swift in Sources */ = {isa = PBXBuildFile; fileRef = 020000000000000000000074 /* PayeeManagementTests.swift */; };
		010000000000000000000082 /* RuleConditionEvaluatorTests.swift in Sources */ = {isa = PBXBuildFile; fileRef = 020000000000000000000082 /* RuleConditionEvaluatorTests.swift */; };
		010000000000000000000075 /* OpenSourceLicensesView.swift in Sources */ = {isa = PBXBuildFile; fileRef = 020000000000000000000075 /* OpenSourceLicensesView.swift */; };
		010000000000000000000076 /* LICENSE in Resources */ = {isa = PBXBuildFile; fileRef = 020000000000000000000076 /* LICENSE */; };
		010000000000000000000077 /* THIRD_PARTY_NOTICES.md in Resources */ = {isa = PBXBuildFile; fileRef = 020000000000000000000077 /* THIRD_PARTY_NOTICES.md */; };
		010000000000000000000078 /* APP_STORE_EXCEPTION.md in Resources */ = {isa = PBXBuildFile; fileRef = 020000000000000000000078 /* APP_STORE_EXCEPTION.md */; };
		010000000000000000000079 /* ActualOpenIDAuthenticationCoordinator.swift in Sources */ = {isa = PBXBuildFile; fileRef = 020000000000000000000079 /* ActualOpenIDAuthenticationCoordinator.swift */; };
		01000000000000000000007A /* OpenIDAuthenticationTests.swift in Sources */ = {isa = PBXBuildFile; fileRef = 02000000000000000000007A /* OpenIDAuthenticationTests.swift */; };
		01000000000000000000007B /* ActualServerErrorTests.swift in Sources */ = {isa = PBXBuildFile; fileRef = 02000000000000000000007B /* ActualServerErrorTests.swift */; };
		01000000000000000000007C /* EncryptedBudgetUnlockSheet.swift in Sources */ = {isa = PBXBuildFile; fileRef = 02000000000000000000007C /* EncryptedBudgetUnlockSheet.swift */; };
		010000000000000000000003 /* AppTab.swift in Sources */ = {isa = PBXBuildFile; fileRef = 020000000000000000000003 /* AppTab.swift */; };
		010000000000000000000004 /* ActualistTheme.swift in Sources */ = {isa = PBXBuildFile; fileRef = 020000000000000000000004 /* ActualistTheme.swift */; };
		010000000000000000000005 /* GlassPanel.swift in Sources */ = {isa = PBXBuildFile; fileRef = 020000000000000000000005 /* GlassPanel.swift */; };
		010000000000000000000006 /* ActualModels.swift in Sources */ = {isa = PBXBuildFile; fileRef = 020000000000000000000006 /* ActualModels.swift */; };
		010000000000000000000008 /* KeychainStore.swift in Sources */ = {isa = PBXBuildFile; fileRef = 020000000000000000000008 /* KeychainStore.swift */; };
		010000000000000000000009 /* AppSettingsStore.swift in Sources */ = {isa = PBXBuildFile; fileRef = 020000000000000000000009 /* AppSettingsStore.swift */; };
		01000000000000000000002C /* AccountOrderPreference.swift in Sources */ = {isa = PBXBuildFile; fileRef = 02000000000000000000002C /* AccountOrderPreference.swift */; };
		01000000000000000000000A /* RootView.swift in Sources */ = {isa = PBXBuildFile; fileRef = 02000000000000000000000A /* RootView.swift */; };
		01000000000000000000000B /* MainTabView.swift in Sources */ = {isa = PBXBuildFile; fileRef = 02000000000000000000000B /* MainTabView.swift */; };
		01000000000000000000000C /* OnboardingView.swift in Sources */ = {isa = PBXBuildFile; fileRef = 02000000000000000000000C /* OnboardingView.swift */; };
		01000000000000000000000D /* SettingsView.swift in Sources */ = {isa = PBXBuildFile; fileRef = 02000000000000000000000D /* SettingsView.swift */; };
		01000000000000000000000E /* BudgetView.swift in Sources */ = {isa = PBXBuildFile; fileRef = 02000000000000000000000E /* BudgetView.swift */; };
		01000000000000000000000F /* AccountsView.swift in Sources */ = {isa = PBXBuildFile; fileRef = 02000000000000000000000F /* AccountsView.swift */; };
		010000000000000000000010 /* AccountTransactionsView.swift in Sources */ = {isa = PBXBuildFile; fileRef = 020000000000000000000010 /* AccountTransactionsView.swift */; };
		010000000000000000000068 /* TransactionFeedScope.swift in Sources */ = {isa = PBXBuildFile; fileRef = 020000000000000000000068 /* TransactionFeedScope.swift */; };
		010000000000000000000069 /* SpendingTransactionsView.swift in Sources */ = {isa = PBXBuildFile; fileRef = 020000000000000000000069 /* SpendingTransactionsView.swift */; };
		010000000000000000000011 /* Money.swift in Sources */ = {isa = PBXBuildFile; fileRef = 020000000000000000000011 /* Money.swift */; };
		010000000000000000000012 /* Assets.xcassets in Resources */ = {isa = PBXBuildFile; fileRef = 020000000000000000000012 /* Assets.xcassets */; };
		010000000000000000000013 /* MoneyTests.swift in Sources */ = {isa = PBXBuildFile; fileRef = 020000000000000000000013 /* MoneyTests.swift */; };
		010000000000000000000014 /* CategoryNameParts.swift in Sources */ = {isa = PBXBuildFile; fileRef = 020000000000000000000017 /* CategoryNameParts.swift */; };
		010000000000000000000088 /* ActualDateParsing.swift in Sources */ = {isa = PBXBuildFile; fileRef = 020000000000000000000087 /* ActualDateParsing.swift */; };
		010000000000000000000015 /* BudgetRepository.swift in Sources */ = {isa = PBXBuildFile; fileRef = 020000000000000000000018 /* BudgetRepository.swift */; };
		010000000000000000000016 /* BudgetViewModel.swift in Sources */ = {isa = PBXBuildFile; fileRef = 020000000000000000000019 /* BudgetViewModel.swift */; };
		01000000000000000000006A /* BudgetAssignmentWorkflow.swift in Sources */ = {isa = PBXBuildFile; fileRef = 02000000000000000000006A /* BudgetAssignmentWorkflow.swift */; };
		01000000000000000000006B /* BudgetMoveMoneyWorkflow.swift in Sources */ = {isa = PBXBuildFile; fileRef = 02000000000000000000006B /* BudgetMoveMoneyWorkflow.swift */; };
		01000000000000000000006C /* BudgetTemplateWorkflow.swift in Sources */ = {isa = PBXBuildFile; fileRef = 02000000000000000000006C /* BudgetTemplateWorkflow.swift */; };
		010000000000000000000000C0 /* OverspentCoverSelectionWorkflow.swift in Sources */ = {isa = PBXBuildFile; fileRef = 020000000000000000000000C0 /* OverspentCoverSelectionWorkflow.swift */; };
		010000000000000000000000C1 /* OverspentCoverSelectionViewModel.swift in Sources */ = {isa = PBXBuildFile; fileRef = 020000000000000000000000C1 /* OverspentCoverSelectionViewModel.swift */; };
		010000000000000000000000C2 /* OverspentCoverSelectionViewModelTests.swift in Sources */ = {isa = PBXBuildFile; fileRef = 020000000000000000000000C2 /* OverspentCoverSelectionViewModelTests.swift */; };
		01000000000000000000006D /* BudgetAlert.swift in Sources */ = {isa = PBXBuildFile; fileRef = 02000000000000000000006D /* BudgetAlert.swift */; };
		010000000000000000000017 /* OnboardingViewModel.swift in Sources */ = {isa = PBXBuildFile; fileRef = 02000000000000000000001A /* OnboardingViewModel.swift */; };
		010000000000000000000018 /* SettingsViewModel.swift in Sources */ = {isa = PBXBuildFile; fileRef = 02000000000000000000001B /* SettingsViewModel.swift */; };
		010000000000000000000019 /* BudgetViewModelTests.swift in Sources */ = {isa = PBXBuildFile; fileRef = 02000000000000000000001C /* BudgetViewModelTests.swift */; };
		01000000000000000000001A /* TransactionEditorView.swift in Sources */ = {isa = PBXBuildFile; fileRef = 02000000000000000000001D /* TransactionEditorView.swift */; };
		01000000000000000000001B /* TransactionEditorViewModel.swift in Sources */ = {isa = PBXBuildFile; fileRef = 02000000000000000000001E /* TransactionEditorViewModel.swift */; };
		01000000000000000000001C /* TransactionEditorViewModelTests.swift in Sources */ = {isa = PBXBuildFile; fileRef = 02000000000000000000001F /* TransactionEditorViewModelTests.swift */; };
		01000000000000000000001D /* TransactionModels.swift in Sources */ = {isa = PBXBuildFile; fileRef = 020000000000000000000020 /* TransactionModels.swift */; };
		01000000000000000000001F /* TransactionRepository.swift in Sources */ = {isa = PBXBuildFile; fileRef = 020000000000000000000022 /* TransactionRepository.swift */; };
		010000000000000000000023 /* TransactionGrouping.swift in Sources */ = {isa = PBXBuildFile; fileRef = 020000000000000000000026 /* TransactionGrouping.swift */; };
		010000000000000000000024 /* AddAccountViewModel.swift in Sources */ = {isa = PBXBuildFile; fileRef = 020000000000000000000027 /* AddAccountViewModel.swift */; };
		010000000000000000000026 /* UncategorizedTransactionsView.swift in Sources */ = {isa = PBXBuildFile; fileRef = 020000000000000000000029 /* UncategorizedTransactionsView.swift */; };
		010000000000000000000027 /* UncategorizedTransactionsViewModel.swift in Sources */ = {isa = PBXBuildFile; fileRef = 02000000000000000000002A /* UncategorizedTransactionsViewModel.swift */; };
		010000000000000000000028 /* UncategorizedTransactionsViewModelTests.swift in Sources */ = {isa = PBXBuildFile; fileRef = 02000000000000000000002B /* UncategorizedTransactionsViewModelTests.swift */; };
		01000000000000000000002D /* AccountRepository.swift in Sources */ = {isa = PBXBuildFile; fileRef = 02000000000000000000002D /* AccountRepository.swift */; };
		01000000000000000000002E /* LocalFirstModels.swift in Sources */ = {isa = PBXBuildFile; fileRef = 02000000000000000000002E /* LocalFirstModels.swift */; };
		01000000000000000000003D /* ActualBudgetCrypto.swift in Sources */ = {isa = PBXBuildFile; fileRef = 020000000000000000000039 /* ActualBudgetCrypto.swift */; };
		01000000000000000000002F /* ActualServerSyncClient.swift in Sources */ = {isa = PBXBuildFile; fileRef = 02000000000000000000002F /* ActualServerSyncClient.swift */; };
		010000000000000000000030 /* BudgetFileManager.swift in Sources */ = {isa = PBXBuildFile; fileRef = 020000000000000000000030 /* BudgetFileManager.swift */; };
		010000000000000000000031 /* BudgetDatabase.swift in Sources */ = {isa = PBXBuildFile; fileRef = 020000000000000000000031 /* BudgetDatabase.swift */; };
		010000000000000000000032 /* SyncClient.swift in Sources */ = {isa = PBXBuildFile; fileRef = 020000000000000000000032 /* SyncClient.swift */; };
		01000000000000000000003C /* LocalFirstSyncMessageBuilder.swift in Sources */ = {isa = PBXBuildFile; fileRef = 020000000000000000000038 /* LocalFirstSyncMessageBuilder.swift */; };
		010000000000000000000033 /* Sync.pb.swift in Sources */ = {isa = PBXBuildFile; fileRef = 020000000000000000000033 /* Sync.pb.swift */; };
		010000000000000000000034 /* LocalFirstActualStore.swift in Sources */ = {isa = PBXBuildFile; fileRef = 020000000000000000000034 /* LocalFirstActualStore.swift */; };
		010000000000000000000035 /* LocalFirstActualStoreTests.swift in Sources */ = {isa = PBXBuildFile; fileRef = 020000000000000000000035 /* LocalFirstActualStoreTests.swift */; };
		010000000000000000000060 /* LocalFirstActualStoreSettingsSecurityTests.swift in Sources */ = {isa = PBXBuildFile; fileRef = 020000000000000000000060 /* LocalFirstActualStoreSettingsSecurityTests.swift */; };
		010000000000000000000061 /* LocalFirstActualStoreStorageTransportTests.swift in Sources */ = {isa = PBXBuildFile; fileRef = 020000000000000000000061 /* LocalFirstActualStoreStorageTransportTests.swift */; };
		010000000000000000000062 /* LocalFirstActualStoreDatabaseTests.swift in Sources */ = {isa = PBXBuildFile; fileRef = 020000000000000000000062 /* LocalFirstActualStoreDatabaseTests.swift */; };
		010000000000000000000063 /* LocalFirstActualStoreSyncTests.swift in Sources */ = {isa = PBXBuildFile; fileRef = 020000000000000000000063 /* LocalFirstActualStoreSyncTests.swift */; };
		010000000000000000000064 /* LocalFirstActualStoreReadTests.swift in Sources */ = {isa = PBXBuildFile; fileRef = 020000000000000000000064 /* LocalFirstActualStoreReadTests.swift */; };
		010000000000000000000065 /* LocalFirstActualStoreMutationTests.swift in Sources */ = {isa = PBXBuildFile; fileRef = 020000000000000000000065 /* LocalFirstActualStoreMutationTests.swift */; };
		010000000000000000000066 /* LocalFirstActualStoreTransactionMutationTests.swift in Sources */ = {isa = PBXBuildFile; fileRef = 020000000000000000000066 /* LocalFirstActualStoreTransactionMutationTests.swift */; };
		010000000000000000000067 /* LocalFirstActualStoreTestSupport.swift in Sources */ = {isa = PBXBuildFile; fileRef = 020000000000000000000067 /* LocalFirstActualStoreTestSupport.swift */; };
		010000000000000000000048 /* LocalFirstActualStore+Connection.swift in Sources */ = {isa = PBXBuildFile; fileRef = 020000000000000000000048 /* LocalFirstActualStore+Connection.swift */; };
		010000000000000000000049 /* LocalFirstActualStore+Reads.swift in Sources */ = {isa = PBXBuildFile; fileRef = 020000000000000000000049 /* LocalFirstActualStore+Reads.swift */; };
		01000000000000000000004A /* LocalFirstActualStore+Mutations.swift in Sources */ = {isa = PBXBuildFile; fileRef = 02000000000000000000004A /* LocalFirstActualStore+Mutations.swift */; };
		01000000000000000000004B /* LocalFirstActualStore+Sync.swift in Sources */ = {isa = PBXBuildFile; fileRef = 02000000000000000000004B /* LocalFirstActualStore+Sync.swift */; };
		01000000000000000000003B /* AppFeatureTests.swift in Sources */ = {isa = PBXBuildFile; fileRef = 020000000000000000000037 /* AppFeatureTests.swift */; };
		010000000000000000000036 /* GRDB in Frameworks */ = {isa = PBXBuildFile; productRef = 0D0000000000000000000001 /* GRDB */; };
		010000000000000000000037 /* SwiftProtobuf in Frameworks */ = {isa = PBXBuildFile; productRef = 0D0000000000000000000002 /* SwiftProtobuf */; };
		010000000000000000000038 /* ZIPFoundation in Frameworks */ = {isa = PBXBuildFile; productRef = 0D0000000000000000000003 /* ZIPFoundation */; };
		010000000000000000000039 /* GRDB in Frameworks */ = {isa = PBXBuildFile; productRef = 0D0000000000000000000001 /* GRDB */; };
		01000000000000000000003E /* BudgetDraftModels.swift in Sources */ = {isa = PBXBuildFile; fileRef = 02000000000000000000003E /* BudgetDraftModels.swift */; };
		01000000000000000000003F /* BudgetViewSupport.swift in Sources */ = {isa = PBXBuildFile; fileRef = 02000000000000000000003F /* BudgetViewSupport.swift */; };
		010000000000000000000040 /* AccountTransactionPresentation.swift in Sources */ = {isa = PBXBuildFile; fileRef = 020000000000000000000040 /* AccountTransactionPresentation.swift */; };
		010000000000000000000041 /* BudgetDatabaseModels.swift in Sources */ = {isa = PBXBuildFile; fileRef = 020000000000000000000041 /* BudgetDatabaseModels.swift */; };
		010000000000000000000042 /* LocalFirstTestSupport.swift in Sources */ = {isa = PBXBuildFile; fileRef = 020000000000000000000042 /* LocalFirstTestSupport.swift */; };
		010000000000000000000043 /* BudgetDatabase+Reads.swift in Sources */ = {isa = PBXBuildFile; fileRef = 020000000000000000000043 /* BudgetDatabase+Reads.swift */; };
		010000000000000000000044 /* BudgetDatabase+Sync.swift in Sources */ = {isa = PBXBuildFile; fileRef = 020000000000000000000044 /* BudgetDatabase+Sync.swift */; };
		010000000000000000000045 /* BudgetDatabase+TransactionWrites.swift in Sources */ = {isa = PBXBuildFile; fileRef = 020000000000000000000045 /* BudgetDatabase+TransactionWrites.swift */; };
		010000000000000000000046 /* BudgetDatabase+BudgetWrites.swift in Sources */ = {isa = PBXBuildFile; fileRef = 020000000000000000000046 /* BudgetDatabase+BudgetWrites.swift */; };
		010000000000000000000047 /* BudgetDatabase+Schema.swift in Sources */ = {isa = PBXBuildFile; fileRef = 020000000000000000000047 /* BudgetDatabase+Schema.swift */; };
		01000000000000000000004C /* ReportsModels.swift in Sources */ = {isa = PBXBuildFile; fileRef = 02000000000000000000004C /* ReportsModels.swift */; };
		01000000000000000000004D /* ReportsRepository.swift in Sources */ = {isa = PBXBuildFile; fileRef = 02000000000000000000004D /* ReportsRepository.swift */; };
		010000000000000000000086 /* BudgetDatabase+EnvelopeHolds.swift in Sources */ = {isa = PBXBuildFile; fileRef = 020000000000000000000086 /* BudgetDatabase+EnvelopeHolds.swift */; };
		01000000000000000000004E /* BudgetDatabase+Reports.swift in Sources */ = {isa = PBXBuildFile; fileRef = 02000000000000000000004E /* BudgetDatabase+Reports.swift */; };
		01000000000000000000004F /* LocalFirstActualStore+Reports.swift in Sources */ = {isa = PBXBuildFile; fileRef = 02000000000000000000004F /* LocalFirstActualStore+Reports.swift */; };
		010000000000000000000050 /* ReportsViewModel.swift in Sources */ = {isa = PBXBuildFile; fileRef = 020000000000000000000050 /* ReportsViewModel.swift */; };
		010000000000000000000051 /* ReportsView.swift in Sources */ = {isa = PBXBuildFile; fileRef = 020000000000000000000051 /* ReportsView.swift */; };
		010000000000000000000052 /* ReportsTests.swift in Sources */ = {isa = PBXBuildFile; fileRef = 020000000000000000000052 /* ReportsTests.swift */; };
		010000000000000000000053 /* DiagnosticReport.swift in Sources */ = {isa = PBXBuildFile; fileRef = 020000000000000000000053 /* DiagnosticReport.swift */; };
		010000000000000000000054 /* DiagnosticReportTests.swift in Sources */ = {isa = PBXBuildFile; fileRef = 020000000000000000000054 /* DiagnosticReportTests.swift */; };
		010000000000000000000055 /* BudgetTemplateEngine.swift in Sources */ = {isa = PBXBuildFile; fileRef = 020000000000000000000055 /* BudgetTemplateEngine.swift */; };
		010000000000000000000056 /* BudgetTemplateEngineTests.swift in Sources */ = {isa = PBXBuildFile; fileRef = 020000000000000000000056 /* BudgetTemplateEngineTests.swift */; };
		010000000000000000000057 /* BudgetSelectionViews.swift in Sources */ = {isa = PBXBuildFile; fileRef = 020000000000000000000057 /* BudgetSelectionViews.swift */; };
		010000000000000000000058 /* BudgetViewInfrastructure.swift in Sources */ = {isa = PBXBuildFile; fileRef = 020000000000000000000058 /* BudgetViewInfrastructure.swift */; };
		010000000000000000000059 /* BudgetRows.swift in Sources */ = {isa = PBXBuildFile; fileRef = 020000000000000000000059 /* BudgetRows.swift */; };
		01000000000000000000005A /* BudgetMoveMoneyView.swift in Sources */ = {isa = PBXBuildFile; fileRef = 02000000000000000000005A /* BudgetMoveMoneyView.swift */; };
		01000000000000000000005B /* BudgetAssignmentKeypad.swift in Sources */ = {isa = PBXBuildFile; fileRef = 02000000000000000000005B /* BudgetAssignmentKeypad.swift */; };
		01000000000000000000005C /* SettingsDeveloperDiagnostics.swift in Sources */ = {isa = PBXBuildFile; fileRef = 02000000000000000000005C /* SettingsDeveloperDiagnostics.swift */; };
		01000000000000000000005D /* SettingsBudgetPickerSheet.swift in Sources */ = {isa = PBXBuildFile; fileRef = 02000000000000000000005D /* SettingsBudgetPickerSheet.swift */; };
		01000000000000000000005E /* SettingsAccountOrderSheet.swift in Sources */ = {isa = PBXBuildFile; fileRef = 02000000000000000000005E /* SettingsAccountOrderSheet.swift */; };
		01000000000000000000005F /* SettingsAppearanceViews.swift in Sources */ = {isa = PBXBuildFile; fileRef = 02000000000000000000005F /* SettingsAppearanceViews.swift */; };
		28C36EBD2FE377C800A9F4A8 /* default.icon in Resources */ = {isa = PBXBuildFile; fileRef = 28C36EBC2FE377C800A9F4A8 /* default.icon */; };
		28C36EC02FE377C800A9F4A8 /* icon_blue.icon in Resources */ = {isa = PBXBuildFile; fileRef = 28C36EBF2FE377C800A9F4A8 /* icon_blue.icon */; };
		28C36EC22FE377C800A9F4A8 /* icon_orange.icon in Resources */ = {isa = PBXBuildFile; fileRef = 28C36EC12FE377C800A9F4A8 /* icon_orange.icon */; };
		28C36EC42FE377C800A9F4A8 /* AppIcon.swift in Sources */ = {isa = PBXBuildFile; fileRef = 28C36EC32FE377C800A9F4A8 /* AppIcon.swift */; };
		28C36EC52FE377C800A9F4A8 /* icon_purple.icon in Resources */ = {isa = PBXBuildFile; fileRef = 28C36EC62FE377C800A9F4A8 /* icon_purple.icon */; };
		28C36EC72FE377C800A9F4A8 /* coin.icon in Resources */ = {isa = PBXBuildFile; fileRef = 28C36EC82FE377C800A9F4A8 /* coin.icon */; };
/* End PBXBuildFile section */

/* Begin PBXContainerItemProxy section */
		080000000000000000000002 /* PBXContainerItemProxy */ = {
			isa = PBXContainerItemProxy;
			containerPortal = 0A0000000000000000000001 /* Project object */;
			proxyType = 1;
			remoteGlobalIDString = 050000000000000000000001;
			remoteInfo = Actualist;
		};
/* End PBXContainerItemProxy section */

/* Begin PBXFileReference section */
		020000000000000000000001 /* ActualistApp.swift */ = {isa = PBXFileReference; lastKnownFileType = sourcecode.swift; path = ActualistApp.swift; sourceTree = "<group>"; };
		020000000000000000000002 /* AppState.swift */ = {isa = PBXFileReference; lastKnownFileType = sourcecode.swift; path = AppState.swift; sourceTree = "<group>"; };
		02000000000000000000006E /* BackgroundTransactionRefreshRunner.swift */ = {isa = PBXFileReference; lastKnownFileType = sourcecode.swift; path = BackgroundTransactionRefreshRunner.swift; sourceTree = "<group>"; };
		02000000000000000000006F /* NewTransactionNotificationCoordinator.swift */ = {isa = PBXFileReference; lastKnownFileType = sourcecode.swift; path = NewTransactionNotificationCoordinator.swift; sourceTree = "<group>"; };
		020000000000000000000070 /* PayeeRepository.swift */ = {isa = PBXFileReference; lastKnownFileType = sourcecode.swift; path = PayeeRepository.swift; sourceTree = "<group>"; };
		020000000000000000000071 /* BudgetDatabase+Payees.swift */ = {isa = PBXFileReference; lastKnownFileType = sourcecode.swift; path = "BudgetDatabase+Payees.swift"; sourceTree = "<group>"; };
		020000000000000000000072 /* PayeesViewModel.swift */ = {isa = PBXFileReference; lastKnownFileType = sourcecode.swift; path = PayeesViewModel.swift; sourceTree = "<group>"; };
		020000000000000000000073 /* PayeesView.swift */ = {isa = PBXFileReference; lastKnownFileType = sourcecode.swift; path = PayeesView.swift; sourceTree = "<group>"; };
		02000000000000000000007D /* RuleRepository.swift */ = {isa = PBXFileReference; lastKnownFileType = sourcecode.swift; path = RuleRepository.swift; sourceTree = "<group>"; };
		020000000000000000000084 /* RulePresentation.swift */ = {isa = PBXFileReference; lastKnownFileType = sourcecode.swift; path = RulePresentation.swift; sourceTree = "<group>"; };
		020000000000000000000085 /* PayeePickerView.swift */ = {isa = PBXFileReference; lastKnownFileType = sourcecode.swift; path = PayeePickerView.swift; sourceTree = "<group>"; };
		02000000000000000000007E /* BudgetDatabase+Rules.swift */ = {isa = PBXFileReference; lastKnownFileType = sourcecode.swift; path = "BudgetDatabase+Rules.swift"; sourceTree = "<group>"; };
		02000000000000000000007F /* LocalFirstActualStore+Rules.swift */ = {isa = PBXFileReference; lastKnownFileType = sourcecode.swift; path = "LocalFirstActualStore+Rules.swift"; sourceTree = "<group>"; };
		020000000000000000000080 /* PayeeRulesView.swift */ = {isa = PBXFileReference; lastKnownFileType = sourcecode.swift; path = PayeeRulesView.swift; sourceTree = "<group>"; };
		020000000000000000000083 /* RuleMatchPreview.swift */ = {isa = PBXFileReference; lastKnownFileType = sourcecode.swift; path = RuleMatchPreview.swift; sourceTree = "<group>"; };
		020000000000000000000081 /* RuleConditionEvaluator.swift */ = {isa = PBXFileReference; lastKnownFileType = sourcecode.swift; path = RuleConditionEvaluator.swift; sourceTree = "<group>"; };
		020000000000000000000074 /* PayeeManagementTests.swift */ = {isa = PBXFileReference; lastKnownFileType = sourcecode.swift; path = PayeeManagementTests.swift; sourceTree = "<group>"; };
		020000000000000000000082 /* RuleConditionEvaluatorTests.swift */ = {isa = PBXFileReference; lastKnownFileType = sourcecode.swift; path = RuleConditionEvaluatorTests.swift; sourceTree = "<group>"; };
		020000000000000000000003 /* AppTab.swift */ = {isa = PBXFileReference; lastKnownFileType = sourcecode.swift; path = AppTab.swift; sourceTree = "<group>"; };
		020000000000000000000004 /* ActualistTheme.swift */ = {isa = PBXFileReference; lastKnownFileType = sourcecode.swift; path = ActualistTheme.swift; sourceTree = "<group>"; };
		020000000000000000000005 /* GlassPanel.swift */ = {isa = PBXFileReference; lastKnownFileType = sourcecode.swift; path = GlassPanel.swift; sourceTree = "<group>"; };
		020000000000000000000006 /* ActualModels.swift */ = {isa = PBXFileReference; lastKnownFileType = sourcecode.swift; path = ActualModels.swift; sourceTree = "<group>"; };
		020000000000000000000008 /* KeychainStore.swift */ = {isa = PBXFileReference; lastKnownFileType = sourcecode.swift; path = KeychainStore.swift; sourceTree = "<group>"; };
		020000000000000000000079 /* ActualOpenIDAuthenticationCoordinator.swift */ = {isa = PBXFileReference; lastKnownFileType = sourcecode.swift; path = ActualOpenIDAuthenticationCoordinator.swift; sourceTree = "<group>"; };
		02000000000000000000007A /* OpenIDAuthenticationTests.swift */ = {isa = PBXFileReference; lastKnownFileType = sourcecode.swift; path = OpenIDAuthenticationTests.swift; sourceTree = "<group>"; };
		02000000000000000000007B /* ActualServerErrorTests.swift */ = {isa = PBXFileReference; lastKnownFileType = sourcecode.swift; path = ActualServerErrorTests.swift; sourceTree = "<group>"; };
		02000000000000000000007C /* EncryptedBudgetUnlockSheet.swift */ = {isa = PBXFileReference; lastKnownFileType = sourcecode.swift; path = EncryptedBudgetUnlockSheet.swift; sourceTree = "<group>"; };
		020000000000000000000009 /* AppSettingsStore.swift */ = {isa = PBXFileReference; lastKnownFileType = sourcecode.swift; path = AppSettingsStore.swift; sourceTree = "<group>"; };
		02000000000000000000002C /* AccountOrderPreference.swift */ = {isa = PBXFileReference; lastKnownFileType = sourcecode.swift; path = AccountOrderPreference.swift; sourceTree = "<group>"; };
		02000000000000000000000A /* RootView.swift */ = {isa = PBXFileReference; lastKnownFileType = sourcecode.swift; path = RootView.swift; sourceTree = "<group>"; };
		02000000000000000000000B /* MainTabView.swift */ = {isa = PBXFileReference; lastKnownFileType = sourcecode.swift; path = MainTabView.swift; sourceTree = "<group>"; };
		02000000000000000000000C /* OnboardingView.swift */ = {isa = PBXFileReference; lastKnownFileType = sourcecode.swift; path = OnboardingView.swift; sourceTree = "<group>"; };
		02000000000000000000000D /* SettingsView.swift */ = {isa = PBXFileReference; lastKnownFileType = sourcecode.swift; path = SettingsView.swift; sourceTree = "<group>"; };
		02000000000000000000000E /* BudgetView.swift */ = {isa = PBXFileReference; lastKnownFileType = sourcecode.swift; path = BudgetView.swift; sourceTree = "<group>"; };
		02000000000000000000000F /* AccountsView.swift */ = {isa = PBXFileReference; lastKnownFileType = sourcecode.swift; path = AccountsView.swift; sourceTree = "<group>"; };
		020000000000000000000010 /* AccountTransactionsView.swift */ = {isa = PBXFileReference; lastKnownFileType = sourcecode.swift; path = AccountTransactionsView.swift; sourceTree = "<group>"; };
		020000000000000000000068 /* TransactionFeedScope.swift */ = {isa = PBXFileReference; lastKnownFileType = sourcecode.swift; path = TransactionFeedScope.swift; sourceTree = "<group>"; };
		020000000000000000000069 /* SpendingTransactionsView.swift */ = {isa = PBXFileReference; lastKnownFileType = sourcecode.swift; path = SpendingTransactionsView.swift; sourceTree = "<group>"; };
		020000000000000000000011 /* Money.swift */ = {isa = PBXFileReference; lastKnownFileType = sourcecode.swift; path = Money.swift; sourceTree = "<group>"; };
		020000000000000000000012 /* Assets.xcassets */ = {isa = PBXFileReference; lastKnownFileType = folder.assetcatalog; path = Assets.xcassets; sourceTree = "<group>"; };
		020000000000000000000013 /* MoneyTests.swift */ = {isa = PBXFileReference; lastKnownFileType = sourcecode.swift; path = MoneyTests.swift; sourceTree = "<group>"; };
		020000000000000000000014 /* Info.plist */ = {isa = PBXFileReference; lastKnownFileType = text.plist.xml; path = Info.plist; sourceTree = "<group>"; };
		020000000000000000000015 /* Actualist.app */ = {isa = PBXFileReference; explicitFileType = wrapper.application; includeInIndex = 0; path = Actualist.app; sourceTree = BUILT_PRODUCTS_DIR; };
		020000000000000000000016 /* ActualistTests.xctest */ = {isa = PBXFileReference; explicitFileType = wrapper.cfbundle; includeInIndex = 0; path = ActualistTests.xctest; sourceTree = BUILT_PRODUCTS_DIR; };
		020000000000000000000017 /* CategoryNameParts.swift */ = {isa = PBXFileReference; lastKnownFileType = sourcecode.swift; path = CategoryNameParts.swift; sourceTree = "<group>"; };
		020000000000000000000087 /* ActualDateParsing.swift */ = {isa = PBXFileReference; lastKnownFileType = sourcecode.swift; path = ActualDateParsing.swift; sourceTree = "<group>"; };
		020000000000000000000018 /* BudgetRepository.swift */ = {isa = PBXFileReference; lastKnownFileType = sourcecode.swift; path = BudgetRepository.swift; sourceTree = "<group>"; };
		020000000000000000000019 /* BudgetViewModel.swift */ = {isa = PBXFileReference; lastKnownFileType = sourcecode.swift; path = BudgetViewModel.swift; sourceTree = "<group>"; };
		02000000000000000000006A /* BudgetAssignmentWorkflow.swift */ = {isa = PBXFileReference; lastKnownFileType = sourcecode.swift; path = BudgetAssignmentWorkflow.swift; sourceTree = "<group>"; };
		02000000000000000000006B /* BudgetMoveMoneyWorkflow.swift */ = {isa = PBXFileReference; lastKnownFileType = sourcecode.swift; path = BudgetMoveMoneyWorkflow.swift; sourceTree = "<group>"; };
		02000000000000000000006C /* BudgetTemplateWorkflow.swift */ = {isa = PBXFileReference; lastKnownFileType = sourcecode.swift; path = BudgetTemplateWorkflow.swift; sourceTree = "<group>"; };
		020000000000000000000000C0 /* OverspentCoverSelectionWorkflow.swift */ = {isa = PBXFileReference; lastKnownFileType = sourcecode.swift; path = OverspentCoverSelectionWorkflow.swift; sourceTree = "<group>"; };
		020000000000000000000000C1 /* OverspentCoverSelectionViewModel.swift */ = {isa = PBXFileReference; lastKnownFileType = sourcecode.swift; path = OverspentCoverSelectionViewModel.swift; sourceTree = "<group>"; };
		02000000000000000000006D /* BudgetAlert.swift */ = {isa = PBXFileReference; lastKnownFileType = sourcecode.swift; path = BudgetAlert.swift; sourceTree = "<group>"; };
		02000000000000000000001A /* OnboardingViewModel.swift */ = {isa = PBXFileReference; lastKnownFileType = sourcecode.swift; path = OnboardingViewModel.swift; sourceTree = "<group>"; };
		02000000000000000000001B /* SettingsViewModel.swift */ = {isa = PBXFileReference; lastKnownFileType = sourcecode.swift; path = SettingsViewModel.swift; sourceTree = "<group>"; };
		02000000000000000000001C /* BudgetViewModelTests.swift */ = {isa = PBXFileReference; lastKnownFileType = sourcecode.swift; path = BudgetViewModelTests.swift; sourceTree = "<group>"; };
		02000000000000000000001D /* TransactionEditorView.swift */ = {isa = PBXFileReference; lastKnownFileType = sourcecode.swift; path = TransactionEditorView.swift; sourceTree = "<group>"; };
		02000000000000000000001E /* TransactionEditorViewModel.swift */ = {isa = PBXFileReference; lastKnownFileType = sourcecode.swift; path = TransactionEditorViewModel.swift; sourceTree = "<group>"; };
		02000000000000000000001F /* TransactionEditorViewModelTests.swift */ = {isa = PBXFileReference; lastKnownFileType = sourcecode.swift; path = TransactionEditorViewModelTests.swift; sourceTree = "<group>"; };
		020000000000000000000020 /* TransactionModels.swift */ = {isa = PBXFileReference; lastKnownFileType = sourcecode.swift; path = TransactionModels.swift; sourceTree = "<group>"; };
		020000000000000000000022 /* TransactionRepository.swift */ = {isa = PBXFileReference; lastKnownFileType = sourcecode.swift; path = TransactionRepository.swift; sourceTree = "<group>"; };
		020000000000000000000026 /* TransactionGrouping.swift */ = {isa = PBXFileReference; lastKnownFileType = sourcecode.swift; path = TransactionGrouping.swift; sourceTree = "<group>"; };
		020000000000000000000027 /* AddAccountViewModel.swift */ = {isa = PBXFileReference; lastKnownFileType = sourcecode.swift; path = AddAccountViewModel.swift; sourceTree = "<group>"; };
		020000000000000000000029 /* UncategorizedTransactionsView.swift */ = {isa = PBXFileReference; lastKnownFileType = sourcecode.swift; path = UncategorizedTransactionsView.swift; sourceTree = "<group>"; };
		02000000000000000000002A /* UncategorizedTransactionsViewModel.swift */ = {isa = PBXFileReference; lastKnownFileType = sourcecode.swift; path = UncategorizedTransactionsViewModel.swift; sourceTree = "<group>"; };
		02000000000000000000002B /* UncategorizedTransactionsViewModelTests.swift */ = {isa = PBXFileReference; lastKnownFileType = sourcecode.swift; path = UncategorizedTransactionsViewModelTests.swift; sourceTree = "<group>"; };
		020000000000000000000000C2 /* OverspentCoverSelectionViewModelTests.swift */ = {isa = PBXFileReference; lastKnownFileType = sourcecode.swift; path = OverspentCoverSelectionViewModelTests.swift; sourceTree = "<group>"; };
		02000000000000000000002D /* AccountRepository.swift */ = {isa = PBXFileReference; lastKnownFileType = sourcecode.swift; path = AccountRepository.swift; sourceTree = "<group>"; };
		02000000000000000000002E /* LocalFirstModels.swift */ = {isa = PBXFileReference; lastKnownFileType = sourcecode.swift; path = LocalFirstModels.swift; sourceTree = "<group>"; };
		020000000000000000000039 /* ActualBudgetCrypto.swift */ = {isa = PBXFileReference; lastKnownFileType = sourcecode.swift; path = ActualBudgetCrypto.swift; sourceTree = "<group>"; };
		02000000000000000000002F /* ActualServerSyncClient.swift */ = {isa = PBXFileReference; lastKnownFileType = sourcecode.swift; path = ActualServerSyncClient.swift; sourceTree = "<group>"; };
		020000000000000000000030 /* BudgetFileManager.swift */ = {isa = PBXFileReference; lastKnownFileType = sourcecode.swift; path = BudgetFileManager.swift; sourceTree = "<group>"; };
		020000000000000000000031 /* BudgetDatabase.swift */ = {isa = PBXFileReference; lastKnownFileType = sourcecode.swift; path = BudgetDatabase.swift; sourceTree = "<group>"; };
		020000000000000000000032 /* SyncClient.swift */ = {isa = PBXFileReference; lastKnownFileType = sourcecode.swift; path = SyncClient.swift; sourceTree = "<group>"; };
		020000000000000000000038 /* LocalFirstSyncMessageBuilder.swift */ = {isa = PBXFileReference; lastKnownFileType = sourcecode.swift; path = LocalFirstSyncMessageBuilder.swift; sourceTree = "<group>"; };
		020000000000000000000033 /* Sync.pb.swift */ = {isa = PBXFileReference; lastKnownFileType = sourcecode.swift; path = Sync.pb.swift; sourceTree = "<group>"; };
		020000000000000000000034 /* LocalFirstActualStore.swift */ = {isa = PBXFileReference; lastKnownFileType = sourcecode.swift; path = LocalFirstActualStore.swift; sourceTree = "<group>"; };
		020000000000000000000035 /* LocalFirstActualStoreTests.swift */ = {isa = PBXFileReference; lastKnownFileType = sourcecode.swift; path = LocalFirstActualStoreTests.swift; sourceTree = "<group>"; };
		020000000000000000000060 /* LocalFirstActualStoreSettingsSecurityTests.swift */ = {isa = PBXFileReference; lastKnownFileType = sourcecode.swift; path = LocalFirstActualStoreSettingsSecurityTests.swift; sourceTree = "<group>"; };
		020000000000000000000061 /* LocalFirstActualStoreStorageTransportTests.swift */ = {isa = PBXFileReference; lastKnownFileType = sourcecode.swift; path = LocalFirstActualStoreStorageTransportTests.swift; sourceTree = "<group>"; };
		020000000000000000000062 /* LocalFirstActualStoreDatabaseTests.swift */ = {isa = PBXFileReference; lastKnownFileType = sourcecode.swift; path = LocalFirstActualStoreDatabaseTests.swift; sourceTree = "<group>"; };
		020000000000000000000063 /* LocalFirstActualStoreSyncTests.swift */ = {isa = PBXFileReference; lastKnownFileType = sourcecode.swift; path = LocalFirstActualStoreSyncTests.swift; sourceTree = "<group>"; };
		020000000000000000000064 /* LocalFirstActualStoreReadTests.swift */ = {isa = PBXFileReference; lastKnownFileType = sourcecode.swift; path = LocalFirstActualStoreReadTests.swift; sourceTree = "<group>"; };
		020000000000000000000065 /* LocalFirstActualStoreMutationTests.swift */ = {isa = PBXFileReference; lastKnownFileType = sourcecode.swift; path = LocalFirstActualStoreMutationTests.swift; sourceTree = "<group>"; };
		020000000000000000000066 /* LocalFirstActualStoreTransactionMutationTests.swift */ = {isa = PBXFileReference; lastKnownFileType = sourcecode.swift; path = LocalFirstActualStoreTransactionMutationTests.swift; sourceTree = "<group>"; };
		020000000000000000000067 /* LocalFirstActualStoreTestSupport.swift */ = {isa = PBXFileReference; lastKnownFileType = sourcecode.swift; path = LocalFirstActualStoreTestSupport.swift; sourceTree = "<group>"; };
		020000000000000000000048 /* LocalFirstActualStore+Connection.swift */ = {isa = PBXFileReference; lastKnownFileType = sourcecode.swift; path = "LocalFirstActualStore+Connection.swift"; sourceTree = "<group>"; };
		020000000000000000000049 /* LocalFirstActualStore+Reads.swift */ = {isa = PBXFileReference; lastKnownFileType = sourcecode.swift; path = "LocalFirstActualStore+Reads.swift"; sourceTree = "<group>"; };
		02000000000000000000004A /* LocalFirstActualStore+Mutations.swift */ = {isa = PBXFileReference; lastKnownFileType = sourcecode.swift; path = "LocalFirstActualStore+Mutations.swift"; sourceTree = "<group>"; };
		02000000000000000000004B /* LocalFirstActualStore+Sync.swift */ = {isa = PBXFileReference; lastKnownFileType = sourcecode.swift; path = "LocalFirstActualStore+Sync.swift"; sourceTree = "<group>"; };
		020000000000000000000037 /* AppFeatureTests.swift */ = {isa = PBXFileReference; lastKnownFileType = sourcecode.swift; path = AppFeatureTests.swift; sourceTree = "<group>"; };
		02000000000000000000003E /* BudgetDraftModels.swift */ = {isa = PBXFileReference; lastKnownFileType = sourcecode.swift; path = BudgetDraftModels.swift; sourceTree = "<group>"; };
		02000000000000000000003F /* BudgetViewSupport.swift */ = {isa = PBXFileReference; lastKnownFileType = sourcecode.swift; path = BudgetViewSupport.swift; sourceTree = "<group>"; };
		020000000000000000000040 /* AccountTransactionPresentation.swift */ = {isa = PBXFileReference; lastKnownFileType = sourcecode.swift; path = AccountTransactionPresentation.swift; sourceTree = "<group>"; };
		020000000000000000000041 /* BudgetDatabaseModels.swift */ = {isa = PBXFileReference; lastKnownFileType = sourcecode.swift; path = BudgetDatabaseModels.swift; sourceTree = "<group>"; };
		020000000000000000000042 /* LocalFirstTestSupport.swift */ = {isa = PBXFileReference; lastKnownFileType = sourcecode.swift; path = LocalFirstTestSupport.swift; sourceTree = "<group>"; };
		020000000000000000000043 /* BudgetDatabase+Reads.swift */ = {isa = PBXFileReference; lastKnownFileType = sourcecode.swift; path = "BudgetDatabase+Reads.swift"; sourceTree = "<group>"; };
		020000000000000000000044 /* BudgetDatabase+Sync.swift */ = {isa = PBXFileReference; lastKnownFileType = sourcecode.swift; path = "BudgetDatabase+Sync.swift"; sourceTree = "<group>"; };
		020000000000000000000045 /* BudgetDatabase+TransactionWrites.swift */ = {isa = PBXFileReference; lastKnownFileType = sourcecode.swift; path = "BudgetDatabase+TransactionWrites.swift"; sourceTree = "<group>"; };
		020000000000000000000046 /* BudgetDatabase+BudgetWrites.swift */ = {isa = PBXFileReference; lastKnownFileType = sourcecode.swift; path = "BudgetDatabase+BudgetWrites.swift"; sourceTree = "<group>"; };
		020000000000000000000047 /* BudgetDatabase+Schema.swift */ = {isa = PBXFileReference; lastKnownFileType = sourcecode.swift; path = "BudgetDatabase+Schema.swift"; sourceTree = "<group>"; };
		02000000000000000000004C /* ReportsModels.swift */ = {isa = PBXFileReference; lastKnownFileType = sourcecode.swift; path = ReportsModels.swift; sourceTree = "<group>"; };
		02000000000000000000004D /* ReportsRepository.swift */ = {isa = PBXFileReference; lastKnownFileType = sourcecode.swift; path = ReportsRepository.swift; sourceTree = "<group>"; };
		020000000000000000000086 /* BudgetDatabase+EnvelopeHolds.swift */ = {isa = PBXFileReference; lastKnownFileType = sourcecode.swift; path = "BudgetDatabase+EnvelopeHolds.swift"; sourceTree = "<group>"; };
		02000000000000000000004E /* BudgetDatabase+Reports.swift */ = {isa = PBXFileReference; lastKnownFileType = sourcecode.swift; path = "BudgetDatabase+Reports.swift"; sourceTree = "<group>"; };
		02000000000000000000004F /* LocalFirstActualStore+Reports.swift */ = {isa = PBXFileReference; lastKnownFileType = sourcecode.swift; path = "LocalFirstActualStore+Reports.swift"; sourceTree = "<group>"; };
		020000000000000000000050 /* ReportsViewModel.swift */ = {isa = PBXFileReference; lastKnownFileType = sourcecode.swift; path = ReportsViewModel.swift; sourceTree = "<group>"; };
		020000000000000000000051 /* ReportsView.swift */ = {isa = PBXFileReference; lastKnownFileType = sourcecode.swift; path = ReportsView.swift; sourceTree = "<group>"; };
		020000000000000000000052 /* ReportsTests.swift */ = {isa = PBXFileReference; lastKnownFileType = sourcecode.swift; path = ReportsTests.swift; sourceTree = "<group>"; };
		020000000000000000000053 /* DiagnosticReport.swift */ = {isa = PBXFileReference; lastKnownFileType = sourcecode.swift; path = DiagnosticReport.swift; sourceTree = "<group>"; };
		020000000000000000000054 /* DiagnosticReportTests.swift */ = {isa = PBXFileReference; lastKnownFileType = sourcecode.swift; path = DiagnosticReportTests.swift; sourceTree = "<group>"; };
		020000000000000000000055 /* BudgetTemplateEngine.swift */ = {isa = PBXFileReference; lastKnownFileType = sourcecode.swift; path = BudgetTemplateEngine.swift; sourceTree = "<group>"; };
		020000000000000000000056 /* BudgetTemplateEngineTests.swift */ = {isa = PBXFileReference; lastKnownFileType = sourcecode.swift; path = BudgetTemplateEngineTests.swift; sourceTree = "<group>"; };
		020000000000000000000057 /* BudgetSelectionViews.swift */ = {isa = PBXFileReference; lastKnownFileType = sourcecode.swift; path = BudgetSelectionViews.swift; sourceTree = "<group>"; };
		020000000000000000000058 /* BudgetViewInfrastructure.swift */ = {isa = PBXFileReference; lastKnownFileType = sourcecode.swift; path = BudgetViewInfrastructure.swift; sourceTree = "<group>"; };
		020000000000000000000059 /* BudgetRows.swift */ = {isa = PBXFileReference; lastKnownFileType = sourcecode.swift; path = BudgetRows.swift; sourceTree = "<group>"; };
		02000000000000000000005A /* BudgetMoveMoneyView.swift */ = {isa = PBXFileReference; lastKnownFileType = sourcecode.swift; path = BudgetMoveMoneyView.swift; sourceTree = "<group>"; };
		02000000000000000000005B /* BudgetAssignmentKeypad.swift */ = {isa = PBXFileReference; lastKnownFileType = sourcecode.swift; path = BudgetAssignmentKeypad.swift; sourceTree = "<group>"; };
		02000000000000000000005C /* SettingsDeveloperDiagnostics.swift */ = {isa = PBXFileReference; lastKnownFileType = sourcecode.swift; path = SettingsDeveloperDiagnostics.swift; sourceTree = "<group>"; };
		02000000000000000000005D /* SettingsBudgetPickerSheet.swift */ = {isa = PBXFileReference; lastKnownFileType = sourcecode.swift; path = SettingsBudgetPickerSheet.swift; sourceTree = "<group>"; };
		02000000000000000000005E /* SettingsAccountOrderSheet.swift */ = {isa = PBXFileReference; lastKnownFileType = sourcecode.swift; path = SettingsAccountOrderSheet.swift; sourceTree = "<group>"; };
		02000000000000000000005F /* SettingsAppearanceViews.swift */ = {isa = PBXFileReference; lastKnownFileType = sourcecode.swift; path = SettingsAppearanceViews.swift; sourceTree = "<group>"; };
		020000000000000000000075 /* OpenSourceLicensesView.swift */ = {isa = PBXFileReference; lastKnownFileType = sourcecode.swift; path = OpenSourceLicensesView.swift; sourceTree = "<group>"; };
		020000000000000000000076 /* LICENSE */ = {isa = PBXFileReference; lastKnownFileType = text; path = LICENSE; sourceTree = "<group>"; };
		020000000000000000000077 /* THIRD_PARTY_NOTICES.md */ = {isa = PBXFileReference; lastKnownFileType = net.daringfireball.markdown; path = THIRD_PARTY_NOTICES.md; sourceTree = "<group>"; };
		020000000000000000000078 /* APP_STORE_EXCEPTION.md */ = {isa = PBXFileReference; lastKnownFileType = net.daringfireball.markdown; path = APP_STORE_EXCEPTION.md; sourceTree = "<group>"; };
		28C36EBC2FE377C800A9F4A8 /* default.icon */ = {isa = PBXFileReference; lastKnownFileType = folder.iconcomposer.icon; path = default.icon; sourceTree = "<group>"; };
		28C36EBF2FE377C800A9F4A8 /* icon_blue.icon */ = {isa = PBXFileReference; lastKnownFileType = folder.iconcomposer.icon; path = icon_blue.icon; sourceTree = "<group>"; };
		28C36EC12FE377C800A9F4A8 /* icon_orange.icon */ = {isa = PBXFileReference; lastKnownFileType = folder.iconcomposer.icon; path = icon_orange.icon; sourceTree = "<group>"; };
		28C36EC32FE377C800A9F4A8 /* AppIcon.swift */ = {isa = PBXFileReference; lastKnownFileType = sourcecode.swift; path = AppIcon.swift; sourceTree = "<group>"; };
		28C36EC62FE377C800A9F4A8 /* icon_purple.icon */ = {isa = PBXFileReference; lastKnownFileType = folder.iconcomposer.icon; path = icon_purple.icon; sourceTree = "<group>"; };
		28C36EC82FE377C800A9F4A8 /* coin.icon */ = {isa = PBXFileReference; lastKnownFileType = folder.iconcomposer.icon; path = coin.icon; sourceTree = "<group>"; };
/* End PBXFileReference section */

/* Begin PBXFrameworksBuildPhase section */
		030000000000000000000001 /* Frameworks */ = {
			isa = PBXFrameworksBuildPhase;
			buildActionMask = 2147483647;
			files = (
				010000000000000000000036 /* GRDB in Frameworks */,
				010000000000000000000037 /* SwiftProtobuf in Frameworks */,
				010000000000000000000038 /* ZIPFoundation in Frameworks */,
			);
			runOnlyForDeploymentPostprocessing = 0;
		};
		030000000000000000000002 /* Frameworks */ = {
			isa = PBXFrameworksBuildPhase;
			buildActionMask = 2147483647;
			files = (
				010000000000000000000039 /* GRDB in Frameworks */,
			);
			runOnlyForDeploymentPostprocessing = 0;
		};
/* End PBXFrameworksBuildPhase section */

/* Begin PBXGroup section */
		040000000000000000000001 = {
			isa = PBXGroup;
			children = (
				020000000000000000000076 /* LICENSE */,
				020000000000000000000078 /* APP_STORE_EXCEPTION.md */,
				020000000000000000000077 /* THIRD_PARTY_NOTICES.md */,
				040000000000000000000002 /* Actualist */,
				040000000000000000000010 /* ActualistTests */,
				040000000000000000000011 /* Products */,
			);
			sourceTree = "<group>";
		};
		040000000000000000000002 /* Actualist */ = {
			isa = PBXGroup;
			children = (
				020000000000000000000014 /* Info.plist */,
				020000000000000000000012 /* Assets.xcassets */,
				040000000000000000000003 /* App */,
				040000000000000000000004 /* DesignSystem */,
				040000000000000000000005 /* Models */,
				040000000000000000000019 /* Data */,
				04000000000000000000001A /* LocalFirst */,
				040000000000000000000006 /* Security */,
				040000000000000000000007 /* Persistence */,
				040000000000000000000018 /* Repositories */,
				040000000000000000000008 /* Features */,
				040000000000000000000009 /* Shared */,
				28C36EBC2FE377C800A9F4A8 /* default.icon */,
				28C36EC82FE377C800A9F4A8 /* coin.icon */,
				28C36EC62FE377C800A9F4A8 /* icon_purple.icon */,
				28C36EBF2FE377C800A9F4A8 /* icon_blue.icon */,
				28C36EC12FE377C800A9F4A8 /* icon_orange.icon */,
			);
			path = Actualist;
			sourceTree = "<group>";
		};
		040000000000000000000003 /* App */ = {
			isa = PBXGroup;
			children = (
				020000000000000000000001 /* ActualistApp.swift */,
				020000000000000000000002 /* AppState.swift */,
				02000000000000000000006E /* BackgroundTransactionRefreshRunner.swift */,
				02000000000000000000006F /* NewTransactionNotificationCoordinator.swift */,
				020000000000000000000003 /* AppTab.swift */,
			);
			path = App;
			sourceTree = "<group>";
		};
		040000000000000000000004 /* DesignSystem */ = {
			isa = PBXGroup;
			children = (
				020000000000000000000004 /* ActualistTheme.swift */,
				020000000000000000000005 /* GlassPanel.swift */,
			);
			path = DesignSystem;
			sourceTree = "<group>";
		};
		040000000000000000000005 /* Models */ = {
			isa = PBXGroup;
			children = (
				020000000000000000000006 /* ActualModels.swift */,
			);
			path = Models;
			sourceTree = "<group>";
		};
		040000000000000000000006 /* Security */ = {
			isa = PBXGroup;
			children = (
				020000000000000000000079 /* ActualOpenIDAuthenticationCoordinator.swift */,
				020000000000000000000008 /* KeychainStore.swift */,
			);
			path = Security;
			sourceTree = "<group>";
		};
		040000000000000000000007 /* Persistence */ = {
			isa = PBXGroup;
			children = (
				02000000000000000000002C /* AccountOrderPreference.swift */,
				020000000000000000000009 /* AppSettingsStore.swift */,
			);
			path = Persistence;
			sourceTree = "<group>";
		};
		040000000000000000000008 /* Features */ = {
			isa = PBXGroup;
			children = (
				040000000000000000000012 /* Root */,
				040000000000000000000013 /* Onboarding */,
				040000000000000000000014 /* Budget */,
				040000000000000000000015 /* Accounts */,
				040000000000000000000016 /* Transactions */,
				040000000000000000000017 /* Settings */,
				04000000000000000000001F /* Reports */,
			);
			path = Features;
			sourceTree = "<group>";
		};
		040000000000000000000009 /* Shared */ = {
			isa = PBXGroup;
			children = (
				020000000000000000000011 /* Money.swift */,
				020000000000000000000017 /* CategoryNameParts.swift */,
				020000000000000000000087 /* ActualDateParsing.swift */,
				020000000000000000000026 /* TransactionGrouping.swift */,
			);
			path = Shared;
			sourceTree = "<group>";
		};
		040000000000000000000010 /* ActualistTests */ = {
			isa = PBXGroup;
			children = (
				02000000000000000000007B /* ActualServerErrorTests.swift */,
				02000000000000000000007A /* OpenIDAuthenticationTests.swift */,
				020000000000000000000074 /* PayeeManagementTests.swift */,
				020000000000000000000082 /* RuleConditionEvaluatorTests.swift */,
				020000000000000000000013 /* MoneyTests.swift */,
				02000000000000000000001C /* BudgetViewModelTests.swift */,
				02000000000000000000001F /* TransactionEditorViewModelTests.swift */,
				02000000000000000000002B /* UncategorizedTransactionsViewModelTests.swift */,
				020000000000000000000000C2 /* OverspentCoverSelectionViewModelTests.swift */,
				020000000000000000000035 /* LocalFirstActualStoreTests.swift */,
				020000000000000000000060 /* LocalFirstActualStoreSettingsSecurityTests.swift */,
				020000000000000000000061 /* LocalFirstActualStoreStorageTransportTests.swift */,
				020000000000000000000062 /* LocalFirstActualStoreDatabaseTests.swift */,
				020000000000000000000063 /* LocalFirstActualStoreSyncTests.swift */,
				020000000000000000000064 /* LocalFirstActualStoreReadTests.swift */,
				020000000000000000000065 /* LocalFirstActualStoreMutationTests.swift */,
				020000000000000000000066 /* LocalFirstActualStoreTransactionMutationTests.swift */,
				020000000000000000000067 /* LocalFirstActualStoreTestSupport.swift */,
				020000000000000000000042 /* LocalFirstTestSupport.swift */,
				020000000000000000000037 /* AppFeatureTests.swift */,
				020000000000000000000052 /* ReportsTests.swift */,
				020000000000000000000054 /* DiagnosticReportTests.swift */,
				020000000000000000000056 /* BudgetTemplateEngineTests.swift */,
			);
			path = ActualistTests;
			sourceTree = "<group>";
		};
		040000000000000000000011 /* Products */ = {
			isa = PBXGroup;
			children = (
				020000000000000000000015 /* Actualist.app */,
				020000000000000000000016 /* ActualistTests.xctest */,
			);
			name = Products;
			sourceTree = "<group>";
		};
		040000000000000000000012 /* Root */ = {
			isa = PBXGroup;
			children = (
				02000000000000000000000A /* RootView.swift */,
				02000000000000000000000B /* MainTabView.swift */,
			);
			path = Root;
			sourceTree = "<group>";
		};
		040000000000000000000013 /* Onboarding */ = {
			isa = PBXGroup;
			children = (
				02000000000000000000000C /* OnboardingView.swift */,
				02000000000000000000001A /* OnboardingViewModel.swift */,
			);
			path = Onboarding;
			sourceTree = "<group>";
		};
		040000000000000000000014 /* Budget */ = {
			isa = PBXGroup;
			children = (
				02000000000000000000000E /* BudgetView.swift */,
				02000000000000000000007C /* EncryptedBudgetUnlockSheet.swift */,
				020000000000000000000057 /* BudgetSelectionViews.swift */,
				020000000000000000000058 /* BudgetViewInfrastructure.swift */,
				020000000000000000000059 /* BudgetRows.swift */,
				02000000000000000000005A /* BudgetMoveMoneyView.swift */,
				02000000000000000000005B /* BudgetAssignmentKeypad.swift */,
				02000000000000000000003F /* BudgetViewSupport.swift */,
				020000000000000000000019 /* BudgetViewModel.swift */,
				02000000000000000000006A /* BudgetAssignmentWorkflow.swift */,
				02000000000000000000006B /* BudgetMoveMoneyWorkflow.swift */,
				02000000000000000000006C /* BudgetTemplateWorkflow.swift */,
				02000000000000000000006D /* BudgetAlert.swift */,
				02000000000000000000003E /* BudgetDraftModels.swift */,
				020000000000000000000029 /* UncategorizedTransactionsView.swift */,
				02000000000000000000002A /* UncategorizedTransactionsViewModel.swift */,
				020000000000000000000000C0 /* OverspentCoverSelectionWorkflow.swift */,
				020000000000000000000000C1 /* OverspentCoverSelectionViewModel.swift */,
			);
			path = Budget;
			sourceTree = "<group>";
		};
		040000000000000000000015 /* Accounts */ = {
			isa = PBXGroup;
			children = (
				02000000000000000000000F /* AccountsView.swift */,
				020000000000000000000027 /* AddAccountViewModel.swift */,
			);
			path = Accounts;
			sourceTree = "<group>";
		};
		040000000000000000000016 /* Transactions */ = {
			isa = PBXGroup;
			children = (
				020000000000000000000010 /* AccountTransactionsView.swift */,
				020000000000000000000068 /* TransactionFeedScope.swift */,
				020000000000000000000069 /* SpendingTransactionsView.swift */,
				020000000000000000000040 /* AccountTransactionPresentation.swift */,
				02000000000000000000001D /* TransactionEditorView.swift */,
				02000000000000000000001E /* TransactionEditorViewModel.swift */,
				020000000000000000000085 /* PayeePickerView.swift */,
			);
			path = Transactions;
			sourceTree = "<group>";
		};
		040000000000000000000017 /* Settings */ = {
			isa = PBXGroup;
			children = (
				28C36EC32FE377C800A9F4A8 /* AppIcon.swift */,
				020000000000000000000075 /* OpenSourceLicensesView.swift */,
				02000000000000000000000D /* SettingsView.swift */,
				020000000000000000000073 /* PayeesView.swift */,
				020000000000000000000072 /* PayeesViewModel.swift */,
				020000000000000000000080 /* PayeeRulesView.swift */,
				020000000000000000000083 /* RuleMatchPreview.swift */,
				02000000000000000000005C /* SettingsDeveloperDiagnostics.swift */,
				02000000000000000000005D /* SettingsBudgetPickerSheet.swift */,
				02000000000000000000005E /* SettingsAccountOrderSheet.swift */,
				02000000000000000000005F /* SettingsAppearanceViews.swift */,
				02000000000000000000001B /* SettingsViewModel.swift */,
				020000000000000000000053 /* DiagnosticReport.swift */,
			);
			path = Settings;
			sourceTree = "<group>";
		};
		04000000000000000000001F /* Reports */ = {
			isa = PBXGroup;
			children = (
				02000000000000000000004C /* ReportsModels.swift */,
				020000000000000000000050 /* ReportsViewModel.swift */,
				020000000000000000000051 /* ReportsView.swift */,
			);
			path = Reports;
			sourceTree = "<group>";
		};
		040000000000000000000018 /* Repositories */ = {
			isa = PBXGroup;
			children = (
				020000000000000000000020 /* TransactionModels.swift */,
				020000000000000000000018 /* BudgetRepository.swift */,
				02000000000000000000002D /* AccountRepository.swift */,
				020000000000000000000022 /* TransactionRepository.swift */,
				020000000000000000000070 /* PayeeRepository.swift */,
				02000000000000000000007D /* RuleRepository.swift */,
				020000000000000000000084 /* RulePresentation.swift */,
				02000000000000000000004D /* ReportsRepository.swift */,
			);
			path = Repositories;
			sourceTree = "<group>";
		};
		040000000000000000000019 /* Data */ = {
			isa = PBXGroup;
			children = (
			);
			path = Data;
			sourceTree = "<group>";
		};
		04000000000000000000001A /* LocalFirst */ = {
			isa = PBXGroup;
				children = (
					02000000000000000000002E /* LocalFirstModels.swift */,
					020000000000000000000039 /* ActualBudgetCrypto.swift */,
					020000000000000000000034 /* LocalFirstActualStore.swift */,
					020000000000000000000048 /* LocalFirstActualStore+Connection.swift */,
					020000000000000000000049 /* LocalFirstActualStore+Reads.swift */,
					02000000000000000000004A /* LocalFirstActualStore+Mutations.swift */,
					02000000000000000000004B /* LocalFirstActualStore+Sync.swift */,
					02000000000000000000007F /* LocalFirstActualStore+Rules.swift */,
					02000000000000000000004F /* LocalFirstActualStore+Reports.swift */,
				04000000000000000000001B /* Network */,
				04000000000000000000001C /* Database */,
				04000000000000000000001D /* Sync */,
				04000000000000000000001E /* Generated */,
			);
			path = LocalFirst;
			sourceTree = "<group>";
		};
		04000000000000000000001B /* Network */ = {
			isa = PBXGroup;
			children = (
				02000000000000000000002F /* ActualServerSyncClient.swift */,
			);
			path = Network;
			sourceTree = "<group>";
		};
		04000000000000000000001C /* Database */ = {
			isa = PBXGroup;
			children = (
				020000000000000000000030 /* BudgetFileManager.swift */,
				020000000000000000000031 /* BudgetDatabase.swift */,
				020000000000000000000041 /* BudgetDatabaseModels.swift */,
				020000000000000000000043 /* BudgetDatabase+Reads.swift */,
				020000000000000000000071 /* BudgetDatabase+Payees.swift */,
				02000000000000000000007E /* BudgetDatabase+Rules.swift */,
				020000000000000000000081 /* RuleConditionEvaluator.swift */,
				020000000000000000000044 /* BudgetDatabase+Sync.swift */,
				020000000000000000000045 /* BudgetDatabase+TransactionWrites.swift */,
				020000000000000000000046 /* BudgetDatabase+BudgetWrites.swift */,
				020000000000000000000047 /* BudgetDatabase+Schema.swift */,
				020000000000000000000086 /* BudgetDatabase+EnvelopeHolds.swift */,
				02000000000000000000004E /* BudgetDatabase+Reports.swift */,
				020000000000000000000055 /* BudgetTemplateEngine.swift */,
			);
			path = Database;
			sourceTree = "<group>";
		};
		04000000000000000000001D /* Sync */ = {
			isa = PBXGroup;
			children = (
				020000000000000000000032 /* SyncClient.swift */,
				020000000000000000000038 /* LocalFirstSyncMessageBuilder.swift */,
			);
			path = Sync;
			sourceTree = "<group>";
		};
		04000000000000000000001E /* Generated */ = {
			isa = PBXGroup;
			children = (
				020000000000000000000033 /* Sync.pb.swift */,
			);
			path = Generated;
			sourceTree = "<group>";
		};
/* End PBXGroup section */

/* Begin PBXNativeTarget section */
		050000000000000000000001 /* Actualist */ = {
			isa = PBXNativeTarget;
			buildConfigurationList = 090000000000000000000003 /* Build configuration list for PBXNativeTarget "Actualist" */;
			buildPhases = (
				060000000000000000000001 /* Sources */,
				030000000000000000000001 /* Frameworks */,
				070000000000000000000001 /* Resources */,
			);
			buildRules = (
			);
			dependencies = (
			);
			name = Actualist;
			packageProductDependencies = (
				0D0000000000000000000001 /* GRDB */,
				0D0000000000000000000002 /* SwiftProtobuf */,
				0D0000000000000000000003 /* ZIPFoundation */,
			);
			productName = Actualist;
			productReference = 020000000000000000000015 /* Actualist.app */;
			productType = "com.apple.product-type.application";
		};
		050000000000000000000002 /* ActualistTests */ = {
			isa = PBXNativeTarget;
			buildConfigurationList = 090000000000000000000004 /* Build configuration list for PBXNativeTarget "ActualistTests" */;
			buildPhases = (
				060000000000000000000002 /* Sources */,
				030000000000000000000002 /* Frameworks */,
				070000000000000000000002 /* Resources */,
			);
			buildRules = (
			);
			dependencies = (
				080000000000000000000001 /* PBXTargetDependency */,
			);
			name = ActualistTests;
			packageProductDependencies = (
				0D0000000000000000000001 /* GRDB */,
			);
			productName = ActualistTests;
			productReference = 020000000000000000000016 /* ActualistTests.xctest */;
			productType = "com.apple.product-type.bundle.unit-test";
		};
/* End PBXNativeTarget section */

/* Begin PBXProject section */
		0A0000000000000000000001 /* Project object */ = {
			isa = PBXProject;
			attributes = {
				BuildIndependentTargetsInParallel = 1;
				LastSwiftUpdateCheck = 2630;
				LastUpgradeCheck = 2630;
				TargetAttributes = {
					050000000000000000000001 = {
						CreatedOnToolsVersion = 26.3;
					};
					050000000000000000000002 = {
						CreatedOnToolsVersion = 26.3;
						TestTargetID = 050000000000000000000001;
					};
				};
			};
			buildConfigurationList = 090000000000000000000001 /* Build configuration list for PBXProject "Actualist" */;
			compatibilityVersion = "Xcode 14.0";
			developmentRegion = en;
			hasScannedForEncodings = 0;
			knownRegions = (
				en,
				Base,
			);
			mainGroup = 040000000000000000000001;
			packageReferences = (
				0C0000000000000000000001 /* XCRemoteSwiftPackageReference "GRDB.swift" */,
				0C0000000000000000000002 /* XCRemoteSwiftPackageReference "swift-protobuf" */,
				0C0000000000000000000003 /* XCRemoteSwiftPackageReference "ZIPFoundation" */,
			);
			productRefGroup = 040000000000000000000011 /* Products */;
			projectDirPath = "";
			projectRoot = "";
			targets = (
				050000000000000000000001 /* Actualist */,
				050000000000000000000002 /* ActualistTests */,
			);
		};
/* End PBXProject section */

/* Begin PBXResourcesBuildPhase section */
		070000000000000000000001 /* Resources */ = {
			isa = PBXResourcesBuildPhase;
			buildActionMask = 2147483647;
			files = (
				010000000000000000000076 /* LICENSE in Resources */,
				010000000000000000000078 /* APP_STORE_EXCEPTION.md in Resources */,
				010000000000000000000077 /* THIRD_PARTY_NOTICES.md in Resources */,
				010000000000000000000012 /* Assets.xcassets in Resources */,
				28C36EBD2FE377C800A9F4A8 /* default.icon in Resources */,
				28C36EC72FE377C800A9F4A8 /* coin.icon in Resources */,
				28C36EC52FE377C800A9F4A8 /* icon_purple.icon in Resources */,
				28C36EC02FE377C800A9F4A8 /* icon_blue.icon in Resources */,
				28C36EC22FE377C800A9F4A8 /* icon_orange.icon in Resources */,
			);
			runOnlyForDeploymentPostprocessing = 0;
		};
		070000000000000000000002 /* Resources */ = {
			isa = PBXResourcesBuildPhase;
			buildActionMask = 2147483647;
			files = (
			);
			runOnlyForDeploymentPostprocessing = 0;
		};
/* End PBXResourcesBuildPhase section */

/* Begin PBXSourcesBuildPhase section */
		060000000000000000000001 /* Sources */ = {
			isa = PBXSourcesBuildPhase;
			buildActionMask = 2147483647;
			files = (
				010000000000000000000001 /* ActualistApp.swift in Sources */,
				010000000000000000000002 /* AppState.swift in Sources */,
				01000000000000000000006E /* BackgroundTransactionRefreshRunner.swift in Sources */,
				01000000000000000000006F /* NewTransactionNotificationCoordinator.swift in Sources */,
				010000000000000000000003 /* AppTab.swift in Sources */,
				010000000000000000000004 /* ActualistTheme.swift in Sources */,
				010000000000000000000005 /* GlassPanel.swift in Sources */,
				010000000000000000000006 /* ActualModels.swift in Sources */,
				010000000000000000000079 /* ActualOpenIDAuthenticationCoordinator.swift in Sources */,
				010000000000000000000008 /* KeychainStore.swift in Sources */,
				010000000000000000000009 /* AppSettingsStore.swift in Sources */,
				01000000000000000000002C /* AccountOrderPreference.swift in Sources */,
				01000000000000000000000A /* RootView.swift in Sources */,
				01000000000000000000000B /* MainTabView.swift in Sources */,
				01000000000000000000000C /* OnboardingView.swift in Sources */,
				01000000000000000000000D /* SettingsView.swift in Sources */,
				010000000000000000000075 /* OpenSourceLicensesView.swift in Sources */,
				010000000000000000000073 /* PayeesView.swift in Sources */,
				010000000000000000000072 /* PayeesViewModel.swift in Sources */,
				010000000000000000000080 /* PayeeRulesView.swift in Sources */,
				010000000000000000000083 /* RuleMatchPreview.swift in Sources */,
				010000000000000000000085 /* PayeePickerView.swift in Sources */,
				01000000000000000000005C /* SettingsDeveloperDiagnostics.swift in Sources */,
				01000000000000000000005D /* SettingsBudgetPickerSheet.swift in Sources */,
				01000000000000000000005E /* SettingsAccountOrderSheet.swift in Sources */,
				01000000000000000000005F /* SettingsAppearanceViews.swift in Sources */,
				28C36EC42FE377C800A9F4A8 /* AppIcon.swift in Sources */,
				01000000000000000000000E /* BudgetView.swift in Sources */,
				01000000000000000000007C /* EncryptedBudgetUnlockSheet.swift in Sources */,
				010000000000000000000057 /* BudgetSelectionViews.swift in Sources */,
				010000000000000000000058 /* BudgetViewInfrastructure.swift in Sources */,
				010000000000000000000059 /* BudgetRows.swift in Sources */,
				01000000000000000000005A /* BudgetMoveMoneyView.swift in Sources */,
				01000000000000000000005B /* BudgetAssignmentKeypad.swift in Sources */,
				01000000000000000000003F /* BudgetViewSupport.swift in Sources */,
				01000000000000000000000F /* AccountsView.swift in Sources */,
				010000000000000000000024 /* AddAccountViewModel.swift in Sources */,
				010000000000000000000010 /* AccountTransactionsView.swift in Sources */,
				010000000000000000000068 /* TransactionFeedScope.swift in Sources */,
				010000000000000000000069 /* SpendingTransactionsView.swift in Sources */,
				010000000000000000000040 /* AccountTransactionPresentation.swift in Sources */,
				010000000000000000000011 /* Money.swift in Sources */,
				010000000000000000000014 /* CategoryNameParts.swift in Sources */,
				010000000000000000000088 /* ActualDateParsing.swift in Sources */,
				010000000000000000000015 /* BudgetRepository.swift in Sources */,
				01000000000000000000002D /* AccountRepository.swift in Sources */,
				01000000000000000000001D /* TransactionModels.swift in Sources */,
				01000000000000000000001F /* TransactionRepository.swift in Sources */,
				010000000000000000000070 /* PayeeRepository.swift in Sources */,
				01000000000000000000007D /* RuleRepository.swift in Sources */,
				010000000000000000000084 /* RulePresentation.swift in Sources */,
				01000000000000000000002E /* LocalFirstModels.swift in Sources */,
				01000000000000000000003D /* ActualBudgetCrypto.swift in Sources */,
				01000000000000000000002F /* ActualServerSyncClient.swift in Sources */,
				010000000000000000000030 /* BudgetFileManager.swift in Sources */,
				010000000000000000000031 /* BudgetDatabase.swift in Sources */,
				010000000000000000000041 /* BudgetDatabaseModels.swift in Sources */,
				010000000000000000000043 /* BudgetDatabase+Reads.swift in Sources */,
				010000000000000000000071 /* BudgetDatabase+Payees.swift in Sources */,
				01000000000000000000007E /* BudgetDatabase+Rules.swift in Sources */,
				010000000000000000000081 /* RuleConditionEvaluator.swift in Sources */,
				010000000000000000000044 /* BudgetDatabase+Sync.swift in Sources */,
				010000000000000000000045 /* BudgetDatabase+TransactionWrites.swift in Sources */,
				010000000000000000000046 /* BudgetDatabase+BudgetWrites.swift in Sources */,
				010000000000000000000055 /* BudgetTemplateEngine.swift in Sources */,
				010000000000000000000047 /* BudgetDatabase+Schema.swift in Sources */,
				010000000000000000000032 /* SyncClient.swift in Sources */,
				01000000000000000000003C /* LocalFirstSyncMessageBuilder.swift in Sources */,
				010000000000000000000033 /* Sync.pb.swift in Sources */,
				010000000000000000000034 /* LocalFirstActualStore.swift in Sources */,
				010000000000000000000048 /* LocalFirstActualStore+Connection.swift in Sources */,
				010000000000000000000049 /* LocalFirstActualStore+Reads.swift in Sources */,
				01000000000000000000004A /* LocalFirstActualStore+Mutations.swift in Sources */,
				01000000000000000000004B /* LocalFirstActualStore+Sync.swift in Sources */,
				01000000000000000000007F /* LocalFirstActualStore+Rules.swift in Sources */,
				01000000000000000000004C /* ReportsModels.swift in Sources */,
				01000000000000000000004D /* ReportsRepository.swift in Sources */,
				010000000000000000000086 /* BudgetDatabase+EnvelopeHolds.swift in Sources */,
				01000000000000000000004E /* BudgetDatabase+Reports.swift in Sources */,
				01000000000000000000004F /* LocalFirstActualStore+Reports.swift in Sources */,
				010000000000000000000050 /* ReportsViewModel.swift in Sources */,
				010000000000000000000051 /* ReportsView.swift in Sources */,
				010000000000000000000023 /* TransactionGrouping.swift in Sources */,
				010000000000000000000016 /* BudgetViewModel.swift in Sources */,
				01000000000000000000006A /* BudgetAssignmentWorkflow.swift in Sources */,
				01000000000000000000006B /* BudgetMoveMoneyWorkflow.swift in Sources */,
				01000000000000000000006C /* BudgetTemplateWorkflow.swift in Sources */,
				01000000000000000000006D /* BudgetAlert.swift in Sources */,
				01000000000000000000003E /* BudgetDraftModels.swift in Sources */,
				010000000000000000000026 /* UncategorizedTransactionsView.swift in Sources */,
				010000000000000000000000C0 /* OverspentCoverSelectionWorkflow.swift in Sources */,
				010000000000000000000000C1 /* OverspentCoverSelectionViewModel.swift in Sources */,
				010000000000000000000027 /* UncategorizedTransactionsViewModel.swift in Sources */,
				010000000000000000000017 /* OnboardingViewModel.swift in Sources */,
				010000000000000000000018 /* SettingsViewModel.swift in Sources */,
				010000000000000000000053 /* DiagnosticReport.swift in Sources */,
				01000000000000000000001A /* TransactionEditorView.swift in Sources */,
				01000000000000000000001B /* TransactionEditorViewModel.swift in Sources */,
			);
			runOnlyForDeploymentPostprocessing = 0;
		};
		060000000000000000000002 /* Sources */ = {
			isa = PBXSourcesBuildPhase;
			buildActionMask = 2147483647;
			files = (
				01000000000000000000007B /* ActualServerErrorTests.swift in Sources */,
				01000000000000000000007A /* OpenIDAuthenticationTests.swift in Sources */,
				010000000000000000000074 /* PayeeManagementTests.swift in Sources */,
				010000000000000000000082 /* RuleConditionEvaluatorTests.swift in Sources */,
				010000000000000000000013 /* MoneyTests.swift in Sources */,
				010000000000000000000019 /* BudgetViewModelTests.swift in Sources */,
				01000000000000000000001C /* TransactionEditorViewModelTests.swift in Sources */,
				010000000000000000000028 /* UncategorizedTransactionsViewModelTests.swift in Sources */,
				010000000000000000000000C2 /* OverspentCoverSelectionViewModelTests.swift in Sources */,
				010000000000000000000035 /* LocalFirstActualStoreTests.swift in Sources */,
				010000000000000000000060 /* LocalFirstActualStoreSettingsSecurityTests.swift in Sources */,
				010000000000000000000061 /* LocalFirstActualStoreStorageTransportTests.swift in Sources */,
				010000000000000000000062 /* LocalFirstActualStoreDatabaseTests.swift in Sources */,
				010000000000000000000063 /* LocalFirstActualStoreSyncTests.swift in Sources */,
				010000000000000000000064 /* LocalFirstActualStoreReadTests.swift in Sources */,
				010000000000000000000065 /* LocalFirstActualStoreMutationTests.swift in Sources */,
				010000000000000000000066 /* LocalFirstActualStoreTransactionMutationTests.swift in Sources */,
				010000000000000000000067 /* LocalFirstActualStoreTestSupport.swift in Sources */,
				010000000000000000000042 /* LocalFirstTestSupport.swift in Sources */,
				01000000000000000000003B /* AppFeatureTests.swift in Sources */,
				010000000000000000000052 /* ReportsTests.swift in Sources */,
				010000000000000000000054 /* DiagnosticReportTests.swift in Sources */,
				010000000000000000000056 /* BudgetTemplateEngineTests.swift in Sources */,
			);
			runOnlyForDeploymentPostprocessing = 0;
		};
/* End PBXSourcesBuildPhase section */

/* Begin PBXTargetDependency section */
		080000000000000000000001 /* PBXTargetDependency */ = {
			isa = PBXTargetDependency;
			target = 050000000000000000000001 /* Actualist */;
			targetProxy = 080000000000000000000002 /* PBXContainerItemProxy */;
		};
/* End PBXTargetDependency section */

/* Begin XCRemoteSwiftPackageReference section */
		0C0000000000000000000001 /* XCRemoteSwiftPackageReference "GRDB.swift" */ = {
			isa = XCRemoteSwiftPackageReference;
			repositoryURL = "https://github.com/groue/GRDB.swift.git";
			requirement = {
				kind = upToNextMajorVersion;
				minimumVersion = 7.0.0;
			};
		};
		0C0000000000000000000002 /* XCRemoteSwiftPackageReference "swift-protobuf" */ = {
			isa = XCRemoteSwiftPackageReference;
			repositoryURL = "https://github.com/apple/swift-protobuf.git";
			requirement = {
				kind = upToNextMajorVersion;
				minimumVersion = 1.29.0;
			};
		};
		0C0000000000000000000003 /* XCRemoteSwiftPackageReference "ZIPFoundation" */ = {
			isa = XCRemoteSwiftPackageReference;
			repositoryURL = "https://github.com/weichsel/ZIPFoundation.git";
			requirement = {
				kind = upToNextMajorVersion;
				minimumVersion = 0.9.19;
			};
		};
/* End XCRemoteSwiftPackageReference section */

/* Begin XCSwiftPackageProductDependency section */
		0D0000000000000000000001 /* GRDB */ = {
			isa = XCSwiftPackageProductDependency;
			package = 0C0000000000000000000001 /* XCRemoteSwiftPackageReference "GRDB.swift" */;
			productName = GRDB;
		};
		0D0000000000000000000002 /* SwiftProtobuf */ = {
			isa = XCSwiftPackageProductDependency;
			package = 0C0000000000000000000002 /* XCRemoteSwiftPackageReference "swift-protobuf" */;
			productName = SwiftProtobuf;
		};
		0D0000000000000000000003 /* ZIPFoundation */ = {
			isa = XCSwiftPackageProductDependency;
			package = 0C0000000000000000000003 /* XCRemoteSwiftPackageReference "ZIPFoundation" */;
			productName = ZIPFoundation;
		};
/* End XCSwiftPackageProductDependency section */

/* Begin XCBuildConfiguration section */
		0B0000000000000000000001 /* Debug */ = {
			isa = XCBuildConfiguration;
			buildSettings = {
				ALWAYS_SEARCH_USER_PATHS = NO;
				CLANG_ANALYZER_NONNULL = YES;
				CLANG_ANALYZER_NUMBER_OBJECT_CONVERSION = YES_AGGRESSIVE;
				CLANG_CXX_LANGUAGE_STANDARD = "gnu++20";
				CLANG_ENABLE_MODULES = YES;
				CLANG_ENABLE_OBJC_ARC = YES;
				CLANG_ENABLE_OBJC_WEAK = YES;
				CLANG_WARN_BLOCK_CAPTURE_AUTORELEASING = YES;
				CLANG_WARN_BOOL_CONVERSION = YES;
				CLANG_WARN_COMMA = YES;
				CLANG_WARN_CONSTANT_CONVERSION = YES;
				CLANG_WARN_DEPRECATED_OBJC_IMPLEMENTATIONS = YES;
				CLANG_WARN_DIRECT_OBJC_ISA_USAGE = YES_ERROR;
				CLANG_WARN_DOCUMENTATION_COMMENTS = YES;
				CLANG_WARN_EMPTY_BODY = YES;
				CLANG_WARN_ENUM_CONVERSION = YES;
				CLANG_WARN_INFINITE_RECURSION = YES;
				CLANG_WARN_INT_CONVERSION = YES;
				CLANG_WARN_NON_LITERAL_NULL_CONVERSION = YES;
				CLANG_WARN_OBJC_IMPLICIT_RETAIN_SELF = YES;
				CLANG_WARN_OBJC_LITERAL_CONVERSION = YES;
				CLANG_WARN_OBJC_ROOT_CLASS = YES_ERROR;
				CLANG_WARN_QUOTED_INCLUDE_IN_FRAMEWORK_HEADER = YES;
				CLANG_WARN_RANGE_LOOP_ANALYSIS = YES;
				CLANG_WARN_STRICT_PROTOTYPES = YES;
				CLANG_WARN_SUSPICIOUS_MOVE = YES;
				CLANG_WARN_UNGUARDED_AVAILABILITY = YES_AGGRESSIVE;
				CLANG_WARN_UNREACHABLE_CODE = YES;
				CLANG_WARN__DUPLICATE_METHOD_MATCH = YES;
				COPY_PHASE_STRIP = NO;
				DEBUG_INFORMATION_FORMAT = dwarf;
				ENABLE_STRICT_OBJC_MSGSEND = YES;
				ENABLE_TESTABILITY = YES;
				ENABLE_USER_SCRIPT_SANDBOXING = YES;
				GCC_C_LANGUAGE_STANDARD = gnu17;
				GCC_DYNAMIC_NO_PIC = NO;
				GCC_NO_COMMON_BLOCKS = YES;
				GCC_OPTIMIZATION_LEVEL = 0;
				GCC_PREPROCESSOR_DEFINITIONS = (
					"DEBUG=1",
					"$(inherited)",
				);
				GCC_WARN_64_TO_32_BIT_CONVERSION = YES;
				GCC_WARN_ABOUT_RETURN_TYPE = YES_ERROR;
				GCC_WARN_UNDECLARED_SELECTOR = YES;
				GCC_WARN_UNINITIALIZED_AUTOS = YES_AGGRESSIVE;
				GCC_WARN_UNUSED_FUNCTION = YES;
				GCC_WARN_UNUSED_VARIABLE = YES;
				IPHONEOS_DEPLOYMENT_TARGET = 26.0;
				MTL_ENABLE_DEBUG_INFO = INCLUDE_SOURCE;
				MTL_FAST_MATH = YES;
				ONLY_ACTIVE_ARCH = YES;
				SDKROOT = iphoneos;
				SWIFT_ACTIVE_COMPILATION_CONDITIONS = DEBUG;
				SWIFT_OPTIMIZATION_LEVEL = "-Onone";
			};
			name = Debug;
		};
		0B0000000000000000000002 /* Release */ = {
			isa = XCBuildConfiguration;
			buildSettings = {
				ALWAYS_SEARCH_USER_PATHS = NO;
				CLANG_ANALYZER_NONNULL = YES;
				CLANG_ANALYZER_NUMBER_OBJECT_CONVERSION = YES_AGGRESSIVE;
				CLANG_CXX_LANGUAGE_STANDARD = "gnu++20";
				CLANG_ENABLE_MODULES = YES;
				CLANG_ENABLE_OBJC_ARC = YES;
				CLANG_ENABLE_OBJC_WEAK = YES;
				CLANG_WARN_BLOCK_CAPTURE_AUTORELEASING = YES;
				CLANG_WARN_BOOL_CONVERSION = YES;
				CLANG_WARN_COMMA = YES;
				CLANG_WARN_CONSTANT_CONVERSION = YES;
				CLANG_WARN_DEPRECATED_OBJC_IMPLEMENTATIONS = YES;
				CLANG_WARN_DIRECT_OBJC_ISA_USAGE = YES_ERROR;
				CLANG_WARN_DOCUMENTATION_COMMENTS = YES;
				CLANG_WARN_EMPTY_BODY = YES;
				CLANG_WARN_ENUM_CONVERSION = YES;
				CLANG_WARN_INFINITE_RECURSION = YES;
				CLANG_WARN_INT_CONVERSION = YES;
				CLANG_WARN_NON_LITERAL_NULL_CONVERSION = YES;
				CLANG_WARN_OBJC_IMPLICIT_RETAIN_SELF = YES;
				CLANG_WARN_OBJC_LITERAL_CONVERSION = YES;
				CLANG_WARN_OBJC_ROOT_CLASS = YES_ERROR;
				CLANG_WARN_QUOTED_INCLUDE_IN_FRAMEWORK_HEADER = YES;
				CLANG_WARN_RANGE_LOOP_ANALYSIS = YES;
				CLANG_WARN_STRICT_PROTOTYPES = YES;
				CLANG_WARN_SUSPICIOUS_MOVE = YES;
				CLANG_WARN_UNGUARDED_AVAILABILITY = YES_AGGRESSIVE;
				CLANG_WARN_UNREACHABLE_CODE = YES;
				CLANG_WARN__DUPLICATE_METHOD_MATCH = YES;
				COPY_PHASE_STRIP = NO;
				DEBUG_INFORMATION_FORMAT = "dwarf-with-dsym";
				ENABLE_NS_ASSERTIONS = NO;
				ENABLE_STRICT_OBJC_MSGSEND = YES;
				ENABLE_USER_SCRIPT_SANDBOXING = YES;
				GCC_C_LANGUAGE_STANDARD = gnu17;
				GCC_NO_COMMON_BLOCKS = YES;
				GCC_WARN_64_TO_32_BIT_CONVERSION = YES;
				GCC_WARN_ABOUT_RETURN_TYPE = YES_ERROR;
				GCC_WARN_UNDECLARED_SELECTOR = YES;
				GCC_WARN_UNINITIALIZED_AUTOS = YES_AGGRESSIVE;
				GCC_WARN_UNUSED_FUNCTION = YES;
				GCC_WARN_UNUSED_VARIABLE = YES;
				IPHONEOS_DEPLOYMENT_TARGET = 26.0;
				MTL_ENABLE_DEBUG_INFO = NO;
				MTL_FAST_MATH = YES;
				SDKROOT = iphoneos;
				SWIFT_COMPILATION_MODE = wholemodule;
				SWIFT_OPTIMIZATION_LEVEL = "-O";
				VALIDATE_PRODUCT = YES;
			};
			name = Release;
		};
		0B0000000000000000000003 /* Debug */ = {
			isa = XCBuildConfiguration;
			buildSettings = {
				ASSETCATALOG_COMPILER_ACCENT_COLOR_NAME = AccentColor;
				ASSETCATALOG_COMPILER_ALTERNATE_APPICON_NAMES = "coin icon_purple icon_blue icon_orange";
				ASSETCATALOG_COMPILER_APPICON_NAME = default;
				CODE_SIGN_STYLE = Automatic;
				CURRENT_PROJECT_VERSION = 10;
				DEVELOPMENT_ASSET_PATHS = "";
				DEVELOPMENT_TEAM = BJNL8CJWW6;
				GENERATE_INFOPLIST_FILE = NO;
				INFOPLIST_FILE = Actualist/Info.plist;
				IPHONEOS_DEPLOYMENT_TARGET = 26.0;
				LD_RUNPATH_SEARCH_PATHS = (
					"$(inherited)",
					"@executable_path/Frameworks",
				);
				MARKETING_VERSION = 0.8.1;
				PRODUCT_BUNDLE_IDENTIFIER = com.sporez.actualist;
				PRODUCT_NAME = "$(TARGET_NAME)";
				SUPPORTED_PLATFORMS = "iphoneos iphonesimulator";
				SUPPORTS_MACCATALYST = NO;
				SUPPORTS_MAC_DESIGNED_FOR_IPHONE_IPAD = NO;
				SWIFT_EMIT_LOC_STRINGS = YES;
				SWIFT_VERSION = 5.0;
				TARGETED_DEVICE_FAMILY = 1;
			};
			name = Debug;
		};
		0B0000000000000000000004 /* Release */ = {
			isa = XCBuildConfiguration;
			buildSettings = {
				ASSETCATALOG_COMPILER_ACCENT_COLOR_NAME = AccentColor;
				ASSETCATALOG_COMPILER_ALTERNATE_APPICON_NAMES = "coin icon_purple icon_blue icon_orange";
				ASSETCATALOG_COMPILER_APPICON_NAME = default;
				CODE_SIGN_STYLE = Automatic;
				CURRENT_PROJECT_VERSION = 10;
				DEVELOPMENT_ASSET_PATHS = "";
				DEVELOPMENT_TEAM = BJNL8CJWW6;
				GENERATE_INFOPLIST_FILE = NO;
				INFOPLIST_FILE = Actualist/Info.plist;
				IPHONEOS_DEPLOYMENT_TARGET = 26.0;
				LD_RUNPATH_SEARCH_PATHS = (
					"$(inherited)",
					"@executable_path/Frameworks",
				);
				MARKETING_VERSION = 0.8.1;
				PRODUCT_BUNDLE_IDENTIFIER = com.sporez.actualist;
				PRODUCT_NAME = "$(TARGET_NAME)";
				SUPPORTED_PLATFORMS = "iphoneos iphonesimulator";
				SUPPORTS_MACCATALYST = NO;
				SUPPORTS_MAC_DESIGNED_FOR_IPHONE_IPAD = NO;
				SWIFT_EMIT_LOC_STRINGS = YES;
				SWIFT_VERSION = 5.0;
				TARGETED_DEVICE_FAMILY = 1;
			};
			name = Release;
		};
		0B0000000000000000000005 /* Debug */ = {
			isa = XCBuildConfiguration;
			buildSettings = {
				BUNDLE_LOADER = "$(TEST_HOST)";
				CODE_SIGN_STYLE = Automatic;
				CURRENT_PROJECT_VERSION = 10;
				DEVELOPMENT_TEAM = BJNL8CJWW6;
				GENERATE_INFOPLIST_FILE = YES;
				IPHONEOS_DEPLOYMENT_TARGET = 26.0;
				LD_RUNPATH_SEARCH_PATHS = (
					"$(inherited)",
					"@executable_path/Frameworks",
					"@loader_path/Frameworks",
				);
				PRODUCT_BUNDLE_IDENTIFIER = com.sporez.actualist.tests;
				PRODUCT_NAME = "$(TARGET_NAME)";
				SUPPORTED_PLATFORMS = "iphoneos iphonesimulator";
				SWIFT_VERSION = 5.0;
				TARGETED_DEVICE_FAMILY = 1;
				TEST_HOST = "$(BUILT_PRODUCTS_DIR)/Actualist.app/$(BUNDLE_EXECUTABLE_FOLDER_PATH)/Actualist";
			};
			name = Debug;
		};
		0B0000000000000000000006 /* Release */ = {
			isa = XCBuildConfiguration;
			buildSettings = {
				BUNDLE_LOADER = "$(TEST_HOST)";
				CODE_SIGN_STYLE = Automatic;
				CURRENT_PROJECT_VERSION = 10;
				DEVELOPMENT_TEAM = BJNL8CJWW6;
				GENERATE_INFOPLIST_FILE = YES;
				IPHONEOS_DEPLOYMENT_TARGET = 26.0;
				LD_RUNPATH_SEARCH_PATHS = (
					"$(inherited)",
					"@executable_path/Frameworks",
					"@loader_path/Frameworks",
				);
				PRODUCT_BUNDLE_IDENTIFIER = com.sporez.actualist.tests;
				PRODUCT_NAME = "$(TARGET_NAME)";
				SUPPORTED_PLATFORMS = "iphoneos iphonesimulator";
				SWIFT_VERSION = 5.0;
				TARGETED_DEVICE_FAMILY = 1;
				TEST_HOST = "$(BUILT_PRODUCTS_DIR)/Actualist.app/$(BUNDLE_EXECUTABLE_FOLDER_PATH)/Actualist";
			};
			name = Release;
		};
/* End XCBuildConfiguration section */

/* Begin XCConfigurationList section */
		090000000000000000000001 /* Build configuration list for PBXProject "Actualist" */ = {
			isa = XCConfigurationList;
			buildConfigurations = (
				0B0000000000000000000001 /* Debug */,
				0B0000000000000000000002 /* Release */,
			);
			defaultConfigurationIsVisible = 0;
			defaultConfigurationName = Release;
		};
		090000000000000000000003 /* Build configuration list for PBXNativeTarget "Actualist" */ = {
			isa = XCConfigurationList;
			buildConfigurations = (
				0B0000000000000000000003 /* Debug */,
				0B0000000000000000000004 /* Release */,
			);
			defaultConfigurationIsVisible = 0;
			defaultConfigurationName = Release;
		};
		090000000000000000000004 /* Build configuration list for PBXNativeTarget "ActualistTests" */ = {
			isa = XCConfigurationList;
			buildConfigurations = (
				0B0000000000000000000005 /* Debug */,
				0B0000000000000000000006 /* Release */,
			);
			defaultConfigurationIsVisible = 0;
			defaultConfigurationName = Release;
		};
/* End XCConfigurationList section */
	};
	rootObject = 0A0000000000000000000001 /* Project object */;
}
